
Microsoft Visual Studio Solution File, Format Version 12.00
# Visual Studio Version 16
VisualStudioVersion = 16.0.30011.22
MinimumVisualStudioVersion = 10.0.40219.1
Project("{9A19103F-16F7-4668-BE54-9A1E7A4F7556}") = "ray", "ray\ray.csproj", "{EC2FBF23-6CA9-4F56-9A23-C6A79EF1FEAB}"
EndProject
Project("{FAE04EC0-301F-11D3-BF4B-00C04F79EFBC}") = "ray_test", "ray_test\ray_test.csproj", "{95CABD3F-B6A8-4CBF-BFD6-EF6B63B16050}"
EndProject
Global
	GlobalSection(SolutionConfigurationPlatforms) = preSolution
		Debug|Any CPU = Debug|Any CPU
		Release|Any CPU = Release|Any CPU
	EndGlobalSection
	GlobalSection(ProjectConfigurationPlatforms) = postSolution
		{EC2FBF23-6CA9-4F56-9A23-C6A79EF1FEAB}.Debug|Any CPU.ActiveCfg = Debug|Any CPU
		{EC2FBF23-6CA9-4F56-9A23-C6A79EF1FEAB}.Debug|Any CPU.Build.0 = Debug|Any CPU
		{EC2FBF23-6CA9-4F56-9A23-C6A79EF1FEAB}.Release|Any CPU.ActiveCfg = Release|Any CPU
		{EC2FBF23-6CA9-4F56-9A23-C6A79EF1FEAB}.Release|Any CPU.Build.0 = Release|Any CPU
		{95CABD3F-B6A8-4CBF-BFD6-EF6B63B16050}.Debug|Any CPU.ActiveCfg = Debug|Any CPU
		{95CABD3F-B6A8-4CBF-BFD6-EF6B63B16050}.Debug|Any CPU.Build.0 = Debug|Any CPU
		{95CABD3F-B6A8-4CBF-BFD6-EF6B63B16050}.Release|Any CPU.ActiveCfg = Release|Any CPU
		{95CABD3F-B6A8-4CBF-BFD6-EF6B63B16050}.Release|Any CPU.Build.0 = Release|Any CPU
	EndGlobalSection
	GlobalSection(SolutionProperties) = preSolution
		HideSolutionNode = FALSE
	EndGlobalSection
	GlobalSection(ExtensibilityGlobals) = postSolution
		SolutionGuid = {784194CA-DB90-4B6F-AD75-1CAA09E23A67}
	EndGlobalSection
EndGlobal
